
Microsoft Visual Studio Solution File, Format Version 12.00
# Visual Studio Version 16
VisualStudioVersion = 16.0.31410.357
MinimumVisualStudioVersion = 10.0.40219.1
Project("{FAE04EC0-301F-11D3-BF4B-00C04F79EFBC}") = "AlgorithmProblems", "AlgorithmProblems\AlgorithmProblems.csproj", "{8A97BC0F-1E68-4965-B3F4-A7D71DA5CA7B}"
EndProject
Global
	GlobalSection(SolutionConfigurationPlatforms) = preSolution
		Debug|Any CPU = Debug|Any CPU
		Release|Any CPU = Release|Any CPU
	EndGlobalSection
	GlobalSection(ProjectConfigurationPlatforms) = postSolution
		{8A97BC0F-1E68-4965-B3F4-A7D71DA5CA7B}.Debug|Any CPU.ActiveCfg = Debug|Any CPU
		{8A97BC0F-1E68-4965-B3F4-A7D71DA5CA7B}.Debug|Any CPU.Build.0 = Debug|Any CPU
		{8A97BC0F-1E68-4965-B3F4-A7D71DA5CA7B}.Release|Any CPU.ActiveCfg = Release|Any CPU
		{8A97BC0F-1E68-4965-B3F4-A7D71DA5CA7B}.Release|Any CPU.Build.0 = Release|Any CPU
	EndGlobalSection
	GlobalSection(SolutionProperties) = preSolution
		HideSolutionNode = FALSE
	EndGlobalSection
	GlobalSection(ExtensibilityGlobals) = postSolution
		SolutionGuid = {2199B9CE-E1ED-4CA7-82A9-67DD8A3BBE27}
	EndGlobalSection
EndGlobal
